github.com/bep/hugo-mod-minimalanalytics v0.3.0 h1:fctZN3nFOFrapX1dhPBszyCUKOGjEpBJmp1jBf3YkJE=
github.com/bep/hugo-mod-minimalanalytics v0.3.0/go.mod h1:3QVkKqSikBRTI+hS3dm/zCAfGukd+opSfAwfjkyxqIw=
github.com/jahilldev/minimal-analytics v0.0.0-20220825110705-ee335ed38334 h1:r8/jLqGw5uwSmgJ4eSGbxa1XBaSIkp3MY99GhY61NeE=
github.com/jahilldev/minimal-analytics v0.0.0-20220825110705-ee335ed38334/go.mod h1:w4l2fXZWGxmcVQfLLBdTqUT6HpSIA9FhmUtVArJFLYw=
