github.com/gohugoio/gohugoioTheme v0.0.0-20241119115653-b92d27ede3e1 h1:d6XNQ4QYvJGIE8vMejUFTD89AWaPDywcLivzWpEU0qE=
github.com/gohugoio/gohugoioTheme v0.0.0-20241119115653-b92d27ede3e1/go.mod h1:GOYeAPQJ/ok8z7oz1cjfcSlsFpXrmx6VkzQ5RpnyhZM=
github.com/gohugoio/gohugoioTheme v0.0.0-20241217120756-d943fd149ebe h1:+G6k1qjxy7Cx6ZR7RXZmysp5hbFUtlvhhDP3p1VqqxA=
github.com/gohugoio/gohugoioTheme v0.0.0-20241217120756-d943fd149ebe/go.mod h1:GOYeAPQJ/ok8z7oz1cjfcSlsFpXrmx6VkzQ5RpnyhZM=
