github.com/gohugoio/gohugoioTheme v0.0.0-20190808163145-07b3c0f73b02/go.mod h1:kpw3SS48xZvLQGEXKu8u5XHgXkPvL8DX3oGa07+z8Bs=
github.com/gohugoio/gohugoioTheme v0.0.0-20191014144142-1f3a01deed7b h1:PWNjl46fvtz54PKO0BdiXOF6/4L/uCP0F3gtcCxGrJs=
github.com/gohugoio/gohugoioTheme v0.0.0-20191014144142-1f3a01deed7b/go.mod h1:kpw3SS48xZvLQGEXKu8u5XHgXkPvL8DX3oGa07+z8Bs=
github.com/gohugoio/gohugoioTheme v0.0.0-20191021162625-2e7250ca437d h1:D3DcaYkuJbotdWNNAQpQl37txX4HQ6R5uMHoxVmTw0w=
github.com/gohugoio/gohugoioTheme v0.0.0-20191021162625-2e7250ca437d/go.mod h1:kpw3SS48xZvLQGEXKu8u5XHgXkPvL8DX3oGa07+z8Bs=
github.com/gohugoio/gohugoioTheme v0.0.0-20200123151337-9475fd449324 h1:UZwHDYtGY0uOKIvcm2LWd+xfFxD3X5L222LIJdI5RE4=
github.com/gohugoio/gohugoioTheme v0.0.0-20200123151337-9475fd449324/go.mod h1:kpw3SS48xZvLQGEXKu8u5XHgXkPvL8DX3oGa07+z8Bs=
github.com/gohugoio/gohugoioTheme v0.0.0-20200123204146-589b4c309025 h1:ScYFARz+bHX1rEr1donVknhRdxGY/cwqK1hHvWEfrlc=
github.com/gohugoio/gohugoioTheme v0.0.0-20200123204146-589b4c309025/go.mod h1:kpw3SS48xZvLQGEXKu8u5XHgXkPvL8DX3oGa07+z8Bs=
github.com/gohugoio/gohugoioTheme v0.0.0-20200123205007-5d6620a0db26 h1:acXfduibbWxji9tW0WkLHbjcXFsnd5uIwXe0WfwOazg=
github.com/gohugoio/gohugoioTheme v0.0.0-20200123205007-5d6620a0db26/go.mod h1:kpw3SS48xZvLQGEXKu8u5XHgXkPvL8DX3oGa07+z8Bs=
github.com/gohugoio/gohugoioTheme v0.0.0-20200128164921-1d0bc5482051 h1:cS14MnUGS6xwWYfPNshimm8HdMCZiYBxWkCD0VnvgVw=
github.com/gohugoio/gohugoioTheme v0.0.0-20200128164921-1d0bc5482051/go.mod h1:kpw3SS48xZvLQGEXKu8u5XHgXkPvL8DX3oGa07+z8Bs=
github.com/gohugoio/gohugoioTheme v0.0.0-20200327225449-368f4cbef8d7 h1:cZ+ahAjSetbFv3aDJ9ipDbKyqaVlmkbSZ5cULgBTh+w=
github.com/gohugoio/gohugoioTheme v0.0.0-20200327225449-368f4cbef8d7/go.mod h1:kpw3SS48xZvLQGEXKu8u5XHgXkPvL8DX3oGa07+z8Bs=
github.com/gohugoio/gohugoioTheme v0.0.0-20200327231942-7f80b3d02bfa h1:kG+O/wT9UXomzp5eQiUuFVZ0l7YylAW6EVPLyjMxi/c=
github.com/gohugoio/gohugoioTheme v0.0.0-20200327231942-7f80b3d02bfa/go.mod h1:kpw3SS48xZvLQGEXKu8u5XHgXkPvL8DX3oGa07+z8Bs=
github.com/gohugoio/gohugoioTheme v0.0.0-20200328100657-2bfd5f8c6aee h1:PJZhCwnuVLyafDWNPSHk9iJvk6gEIvPRnycy7Pq3peA=
github.com/gohugoio/gohugoioTheme v0.0.0-20200328100657-2bfd5f8c6aee/go.mod h1:kpw3SS48xZvLQGEXKu8u5XHgXkPvL8DX3oGa07+z8Bs=
github.com/gohugoio/gohugoioTheme v0.0.0-20200518164958-62cbad03c40f h1:Ge3JACszSUyJW2Az9cJzWdo4PUqdijJA1RxoQSVMBSI=
github.com/gohugoio/gohugoioTheme v0.0.0-20200518164958-62cbad03c40f/go.mod h1:kpw3SS48xZvLQGEXKu8u5XHgXkPvL8DX3oGa07+z8Bs=
github.com/gohugoio/gohugoioTheme v0.0.0-20200518165806-0095b7b902a7 h1:Sy0hlWyZmFtdSY0Cobvw1ZYm3G1aR5+4DuFNRbMkh48=
github.com/gohugoio/gohugoioTheme v0.0.0-20200518165806-0095b7b902a7/go.mod h1:kpw3SS48xZvLQGEXKu8u5XHgXkPvL8DX3oGa07+z8Bs=
github.com/gohugoio/gohugoioTheme v0.0.0-20200711112515-b0dfe471654f h1:BWJyycs4HD7tUbaU8RIGeMay84bIBWRVVLE3yajPas4=
github.com/gohugoio/gohugoioTheme v0.0.0-20200711112515-b0dfe471654f/go.mod h1:kpw3SS48xZvLQGEXKu8u5XHgXkPvL8DX3oGa07+z8Bs=
github.com/gohugoio/gohugoioTheme v0.0.0-20210301124928-2c15837dfec3 h1:ShqzOFeeg54FPSuS6q8HSeTVgj2xNZRe/YS0jNbi21g=
github.com/gohugoio/gohugoioTheme v0.0.0-20210301124928-2c15837dfec3/go.mod h1:kpw3SS48xZvLQGEXKu8u5XHgXkPvL8DX3oGa07+z8Bs=
github.com/gohugoio/gohugoioTheme v0.0.0-20210409065807-6383d8cbaf65 h1:EJzierSWKqwsrUXU6MaFe0J97c0e5pzl5dBNRRrV2Nc=
github.com/gohugoio/gohugoioTheme v0.0.0-20210409065807-6383d8cbaf65/go.mod h1:kpw3SS48xZvLQGEXKu8u5XHgXkPvL8DX3oGa07+z8Bs=
github.com/gohugoio/gohugoioTheme v0.0.0-20210409071416-c88da48134b7 h1:uRCgPslaBgLYy4ANXBoPbBQVM8aNiHoxIZTKUXpkuUA=
github.com/gohugoio/gohugoioTheme v0.0.0-20210409071416-c88da48134b7/go.mod h1:kpw3SS48xZvLQGEXKu8u5XHgXkPvL8DX3oGa07+z8Bs=
github.com/gohugoio/gohugoioTheme v0.0.0-20211211125852-b85e21c1f3d6 h1:lAgdWrn8VEg0PrNCPX4DflCg2msDKpSYV6E8RTNV3N0=
github.com/gohugoio/gohugoioTheme v0.0.0-20211211125852-b85e21c1f3d6/go.mod h1:kpw3SS48xZvLQGEXKu8u5XHgXkPvL8DX3oGa07+z8Bs=
github.com/gohugoio/gohugoioTheme v0.0.0-20220228085601-7cfbda06d135 h1:6hVzfE9YhSsZP5t6jWjvVp7MoPm7Y5fEhH/ls4ahhKk=
github.com/gohugoio/gohugoioTheme v0.0.0-20220228085601-7cfbda06d135/go.mod h1:kpw3SS48xZvLQGEXKu8u5XHgXkPvL8DX3oGa07+z8Bs=
github.com/gohugoio/gohugoioTheme v0.0.0-20220905093719-cb8b64046950 h1:Ovlh3nuy/aNptYZHmIra2MP+ZUEqiihY0HxvhdaMqGg=
github.com/gohugoio/gohugoioTheme v0.0.0-20220905093719-cb8b64046950/go.mod h1:kpw3SS48xZvLQGEXKu8u5XHgXkPvL8DX3oGa07+z8Bs=
github.com/gohugoio/gohugoioTheme v0.0.0-20220912070954-88dcaf003b4d h1:UYJL6RmEepprvlgHvDnFCWtPOvjmqzFCQ90cRDRBO7U=
github.com/gohugoio/gohugoioTheme v0.0.0-20220912070954-88dcaf003b4d/go.mod h1:kpw3SS48xZvLQGEXKu8u5XHgXkPvL8DX3oGa07+z8Bs=
github.com/gohugoio/gohugoioTheme v0.0.0-20220914071648-0ef1c51685bf h1:A8Ksnvp8reNt2Ap0mUK7gFkJkCjt9R60yopGsezcOBA=
github.com/gohugoio/gohugoioTheme v0.0.0-20220914071648-0ef1c51685bf/go.mod h1:kpw3SS48xZvLQGEXKu8u5XHgXkPvL8DX3oGa07+z8Bs=
github.com/gohugoio/gohugoioTheme v0.0.0-20221116211530-5ae8dcdd68d6 h1:eG53kL1LkQuKmrDdzbvvx6d60qM07zp2Wjo/tYxkDOY=
github.com/gohugoio/gohugoioTheme v0.0.0-20221116211530-5ae8dcdd68d6/go.mod h1:kpw3SS48xZvLQGEXKu8u5XHgXkPvL8DX3oGa07+z8Bs=
github.com/gohugoio/gohugoioTheme v0.0.0-20221118083537-967e29e21382 h1:e30rl1dxWkYOcgdl0omeOK0HBzgDLI/b9MfYHrINjzU=
github.com/gohugoio/gohugoioTheme v0.0.0-20221118083537-967e29e21382/go.mod h1:kpw3SS48xZvLQGEXKu8u5XHgXkPvL8DX3oGa07+z8Bs=
github.com/gohugoio/gohugoioTheme v0.0.0-20221124154621-1451a01f406b h1:TRrIisSY7ckt9FVHOOQtmKG4jsnORCYn72UMvMu+IQ0=
github.com/gohugoio/gohugoioTheme v0.0.0-20221124154621-1451a01f406b/go.mod h1:kpw3SS48xZvLQGEXKu8u5XHgXkPvL8DX3oGa07+z8Bs=
github.com/gohugoio/gohugoioTheme v0.0.0-20221206093948-1408550ab675 h1:wjpYa1cTELeceWndBDV7IG2vRxRWICBBO79HObOfTtk=
github.com/gohugoio/gohugoioTheme v0.0.0-20221206093948-1408550ab675/go.mod h1:kpw3SS48xZvLQGEXKu8u5XHgXkPvL8DX3oGa07+z8Bs=
github.com/gohugoio/gohugoioTheme v0.0.0-20221217122332-1c1752ad8f14 h1:K6tPFpi7W0zb89QIf+lNdgdTXfDFemU6NKk46MlX9lQ=
github.com/gohugoio/gohugoioTheme v0.0.0-20221217122332-1c1752ad8f14/go.mod h1:kpw3SS48xZvLQGEXKu8u5XHgXkPvL8DX3oGa07+z8Bs=
github.com/gohugoio/gohugoioTheme v0.0.0-20221220160735-8ffa1ef883b6 h1:yEoQecRBoLGfc7yTybMD3Mhm03bTScZFYPvwe0p75vA=
github.com/gohugoio/gohugoioTheme v0.0.0-20221220160735-8ffa1ef883b6/go.mod h1:GOYeAPQJ/ok8z7oz1cjfcSlsFpXrmx6VkzQ5RpnyhZM=
github.com/gohugoio/gohugoioTheme v0.0.0-20230109120406-12694c4a9456 h1:RSLItaapVjWkqSdQhumAmJkodFDbWMGNZmkVW/AFx0c=
github.com/gohugoio/gohugoioTheme v0.0.0-20230109120406-12694c4a9456/go.mod h1:GOYeAPQJ/ok8z7oz1cjfcSlsFpXrmx6VkzQ5RpnyhZM=
github.com/gohugoio/gohugoioTheme v0.0.0-20230119103504-3bcd960d6f1b h1:i/iaEOOuR1mKRR0qUOET587ooVhG8c2tllpA5HsrWNU=
github.com/gohugoio/gohugoioTheme v0.0.0-20230119103504-3bcd960d6f1b/go.mod h1:GOYeAPQJ/ok8z7oz1cjfcSlsFpXrmx6VkzQ5RpnyhZM=
github.com/gohugoio/gohugoioTheme v0.0.0-20230120185049-2c3c4d0ba232 h1:bEojKgKInbsLkID5Arh95vP4+0xydtn/+ayT6I8vkiU=
github.com/gohugoio/gohugoioTheme v0.0.0-20230120185049-2c3c4d0ba232/go.mod h1:GOYeAPQJ/ok8z7oz1cjfcSlsFpXrmx6VkzQ5RpnyhZM=
github.com/gohugoio/gohugoioTheme v0.0.0-20230124135550-462d5fe4a87f h1:8wI3zOTWQG15aKkbAZQaoGnUQff46hO95opQndBHRE4=
github.com/gohugoio/gohugoioTheme v0.0.0-20230124135550-462d5fe4a87f/go.mod h1:GOYeAPQJ/ok8z7oz1cjfcSlsFpXrmx6VkzQ5RpnyhZM=
github.com/gohugoio/gohugoioTheme v0.0.0-20230330081257-7a8c9614432c h1:TyHgmowfiMyxKrqTdRxm/yWIFeN7XRh7Hm6/dOG6yDA=
github.com/gohugoio/gohugoioTheme v0.0.0-20230330081257-7a8c9614432c/go.mod h1:GOYeAPQJ/ok8z7oz1cjfcSlsFpXrmx6VkzQ5RpnyhZM=
github.com/gohugoio/gohugoioTheme v0.0.0-20230418063032-99f9185b8e11 h1:mDcricMewd66x8QjKqNun7Div7iYVLtl8s1dVs9VnB8=
github.com/gohugoio/gohugoioTheme v0.0.0-20230418063032-99f9185b8e11/go.mod h1:GOYeAPQJ/ok8z7oz1cjfcSlsFpXrmx6VkzQ5RpnyhZM=
github.com/gohugoio/gohugoioTheme v0.0.0-20230527124826-78bc315d7b8a h1:ruyA3QZ4Ym0fBLhTW2eoUSvHUaj2xWqaPHIbaI+tbZo=
github.com/gohugoio/gohugoioTheme v0.0.0-20230527124826-78bc315d7b8a/go.mod h1:GOYeAPQJ/ok8z7oz1cjfcSlsFpXrmx6VkzQ5RpnyhZM=
github.com/gohugoio/gohugoioTheme v0.0.0-20230615111426-c3725d921127 h1:LaOUdx1uo/Pr8Vr9KbqTwioia9OhNSiZDOHQGNHZiOs=
github.com/gohugoio/gohugoioTheme v0.0.0-20230615111426-c3725d921127/go.mod h1:GOYeAPQJ/ok8z7oz1cjfcSlsFpXrmx6VkzQ5RpnyhZM=
github.com/gohugoio/gohugoioTheme v0.0.0-20230615131407-b3235557d2e6 h1:x/1M3CJRXCNfThsT+EeWrC2B1qFQZSCeOgA44RJJ5ds=
github.com/gohugoio/gohugoioTheme v0.0.0-20230615131407-b3235557d2e6/go.mod h1:GOYeAPQJ/ok8z7oz1cjfcSlsFpXrmx6VkzQ5RpnyhZM=
github.com/gohugoio/gohugoioTheme v0.0.0-20230624091215-084560177ddc h1:BX7s0bvHFjx5Dll+9CBEiphSjWCDmZ1S+vOrB2wjpOg=
github.com/gohugoio/gohugoioTheme v0.0.0-20230624091215-084560177ddc/go.mod h1:GOYeAPQJ/ok8z7oz1cjfcSlsFpXrmx6VkzQ5RpnyhZM=
github.com/gohugoio/gohugoioTheme v0.0.0-20230630055807-9874cd863bc5 h1:5QDXCq7G6Ak13EKF69QIJtH2YhidilBetNDgdoBYsWM=
github.com/gohugoio/gohugoioTheme v0.0.0-20230630055807-9874cd863bc5/go.mod h1:GOYeAPQJ/ok8z7oz1cjfcSlsFpXrmx6VkzQ5RpnyhZM=
